
Microsoft Visual Studio Solution File, Format Version 12.00
# Visual Studio Version 17
VisualStudioVersion = 17.5.002.0
MinimumVisualStudioVersion = 10.0.40219.1
Project("{9A19103F-16F7-4668-BE54-9A1E7A4F7556}") = "Classes-Part-2", "Classes-Part-2.csproj", "{007C5B0E-8641-4FA0-AA1E-990B5A0DDE98}"
EndProject
Global
	GlobalSection(SolutionConfigurationPlatforms) = preSolution
		Debug|Any CPU = Debug|Any CPU
		Release|Any CPU = Release|Any CPU
	EndGlobalSection
	GlobalSection(ProjectConfigurationPlatforms) = postSolution
		{007C5B0E-8641-4FA0-AA1E-990B5A0DDE98}.Debug|Any CPU.ActiveCfg = Debug|Any CPU
		{007C5B0E-8641-4FA0-AA1E-990B5A0DDE98}.Debug|Any CPU.Build.0 = Debug|Any CPU
		{007C5B0E-8641-4FA0-AA1E-990B5A0DDE98}.Release|Any CPU.ActiveCfg = Release|Any CPU
		{007C5B0E-8641-4FA0-AA1E-990B5A0DDE98}.Release|Any CPU.Build.0 = Release|Any CPU
	EndGlobalSection
	GlobalSection(SolutionProperties) = preSolution
		HideSolutionNode = FALSE
	EndGlobalSection
	GlobalSection(ExtensibilityGlobals) = postSolution
		SolutionGuid = {5274CEB1-5D01-4B6C-9C7E-3E0D48CD46E9}
	EndGlobalSection
EndGlobal
